
Microsoft Visual Studio Solution File, Format Version 12.00
# Visual Studio 15
VisualStudioVersion = 15.0.28010.2016
MinimumVisualStudioVersion = 10.0.40219.1
Project("{FAE04EC0-301F-11D3-BF4B-00C04F79EFBC}") = "CoffeeShopApp", "CoffeeShopApp\CoffeeShopApp.csproj", "{47129148-C18C-4922-986A-5C1AAF6372E3}"
EndProject
Global
	GlobalSection(SolutionConfigurationPlatforms) = preSolution
		Debug|Any CPU = Debug|Any CPU
		Release|Any CPU = Release|Any CPU
	EndGlobalSection
	GlobalSection(ProjectConfigurationPlatforms) = postSolution
		{47129148-C18C-4922-986A-5C1AAF6372E3}.Debug|Any CPU.ActiveCfg = Debug|Any CPU
		{47129148-C18C-4922-986A-5C1AAF6372E3}.Debug|Any CPU.Build.0 = Debug|Any CPU
		{47129148-C18C-4922-986A-5C1AAF6372E3}.Release|Any CPU.ActiveCfg = Release|Any CPU
		{47129148-C18C-4922-986A-5C1AAF6372E3}.Release|Any CPU.Build.0 = Release|Any CPU
	EndGlobalSection
	GlobalSection(SolutionProperties) = preSolution
		HideSolutionNode = FALSE
	EndGlobalSection
	GlobalSection(ExtensibilityGlobals) = postSolution
		SolutionGuid = {1F7A3378-8D1B-43FD-B988-DFC3D40DD908}
	EndGlobalSection
EndGlobal
